<?xml version="1.0" encoding="utf-8"?>
<Project ToolsVersion="4.0" xmlns="http://schemas.microsoft.com/developer/msbuild/2003">
  <ItemGroup>
    <Filter Include="Source Files">
      <UniqueIdentifier>{4FC737F1-C7A5-4376-A066-2A32D752A2FF}</UniqueIdentifier>
      <Extensions>cpp;c;cc;cxx;def;odl;idl;hpj;bat;asm;asmx</Extensions>
    </Filter>
    <Filter Include="Include">
      <UniqueIdentifier>{08e0c649-0c73-481d-999f-830aa71772fc}</UniqueIdentifier>
    </Filter>
    <Filter Include="Math">
      <UniqueIdentifier>{59ba6f43-f52c-4c87-9c39-63ef9b4dbe09}</UniqueIdentifier>
    </Filter>
  </ItemGroup>
  <ItemGroup>
    <ClCompile Include="Engine\Core\EngineBase.cpp">
      <Filter>Source Files</Filter>
    </ClCompile>
    <ClCompile Include="Engine\Core\gl3w.c">
      <Filter>Source Files</Filter>
    </ClCompile>
    <ClCompile Include="Engine\Core\Input.cpp">
      <Filter>Source Files</Filter>
    </ClCompile>
    <ClCompile Include="Engine\Core\Source.cpp">
      <Filter>Source Files</Filter>
    </ClCompile>
    <ClCompile Include="Engine\Core\NullEngine.cpp">
      <Filter>Source Files</Filter>
    </ClCompile>
    <ClCompile Include="Engine\Core\Shader.cpp">
      <Filter>Source Files</Filter>
    </ClCompile>
    <ClCompile Include="Engine\Core\Math\Vector.cpp">
      <Filter>Math</Filter>
    </ClCompile>
    <ClCompile Include="Engine\Core\Math\Matrix.cpp">
      <Filter>Math</Filter>
    </ClCompile>
    <ClCompile Include="Engine\Core\Math\NullMath.cpp">
      <Filter>Math</Filter>
    </ClCompile>
    <ClCompile Include="Engine\Core\FreeCamera.cpp">
      <Filter>Source Files</Filter>
    </ClCompile>
    <ClCompile Include="Engine\Core\Math\Quat.cpp">
      <Filter>Math</Filter>
    </ClCompile>
    <ClCompile Include="Engine\Core\Math\Rotator.cpp">
      <Filter>Math</Filter>
    </ClCompile>
  </ItemGroup>
  <ItemGroup>
    <ClInclude Include="Engine\Core\EngineBase.h">
      <Filter>Include</Filter>
    </ClInclude>
    <ClInclude Include="Engine\Core\Input.h">
      <Filter>Include</Filter>
    </ClInclude>
    <ClInclude Include="Engine\Core\NullEngine.h">
      <Filter>Include</Filter>
    </ClInclude>
    <ClInclude Include="Engine\Core\Shader.h">
      <Filter>Include</Filter>
    </ClInclude>
    <ClInclude Include="Engine\Core\Math\Vector.h">
      <Filter>Math</Filter>
    </ClInclude>
    <ClInclude Include="Engine\Core\Math\Matrix.h">
      <Filter>Math</Filter>
    </ClInclude>
    <ClInclude Include="Engine\Core\Math\NullMath.h">
      <Filter>Math</Filter>
    </ClInclude>
    <ClInclude Include="Engine\Core\Util\NullMemory.h">
      <Filter>Include</Filter>
    </ClInclude>
    <ClInclude Include="Engine\Core\GlobalDefs.h">
      <Filter>Include</Filter>
    </ClInclude>
    <ClInclude Include="Engine\Core\FreeCamera.h">
      <Filter>Include</Filter>
    </ClInclude>
    <ClInclude Include="Engine\Core\Math\Quat.h">
      <Filter>Math</Filter>
    </ClInclude>
    <ClInclude Include="Engine\Core\Math\Rotator.h">
      <Filter>Math</Filter>
    </ClInclude>
    <ClInclude Include="Engine\Core\Math\RotationTranslationMatrix.h">
      <Filter>Math</Filter>
    </ClInclude>
    <ClInclude Include="Engine\Core\Math\Plane.h">
      <Filter>Math</Filter>
    </ClInclude>
    <ClInclude Include="Engine\Core\Math\PrespectiveMatrix.h">
      <Filter>Math</Filter>
    </ClInclude>
    <ClInclude Include="Engine\Core\Math\Vector4.h">
      <Filter>Math</Filter>
    </ClInclude>
    <ClInclude Include="Engine\Core\Math\Vector2.h">
      <Filter>Math</Filter>
    </ClInclude>
  </ItemGroup>
</Project>